
Microsoft Visual Studio Solution File, Format Version 12.00
# Visual Studio Version 16
VisualStudioVersion = 16.0.30517.126
MinimumVisualStudioVersion = 10.0.40219.1
Project("{8BC9CEB8-8B4A-11D0-8D11-00A0C91BC942}") = "Sandbox", "Sandbox\Sandbox.vcxproj", "{32653C43-34E8-4D1A-9E18-373FADBB17F8}"
EndProject
Project("{8BC9CEB8-8B4A-11D0-8D11-00A0C91BC942}") = "NothingEngine", "NothingEngine\NothingEngine.vcxproj", "{B3C3A1BC-14D1-4268-BE5B-9DCA604AA75C}"
EndProject
Global
	GlobalSection(SolutionConfigurationPlatforms) = preSolution
		Debug|x64 = Debug|x64
		Release|x64 = Release|x64
	EndGlobalSection
	GlobalSection(ProjectConfigurationPlatforms) = postSolution
		{B3C3A1BC-14D1-4268-BE5B-9DCA604AA75C}.Debug|x64.ActiveCfg = Debug|x64
		{B3C3A1BC-14D1-4268-BE5B-9DCA604AA75C}.Debug|x64.Build.0 = Debug|x64
		{B3C3A1BC-14D1-4268-BE5B-9DCA604AA75C}.Release|x64.ActiveCfg = Release|x64
		{B3C3A1BC-14D1-4268-BE5B-9DCA604AA75C}.Release|x64.Build.0 = Release|x64
		{32653C43-34E8-4D1A-9E18-373FADBB17F8}.Debug|x64.ActiveCfg = Debug|x64
		{32653C43-34E8-4D1A-9E18-373FADBB17F8}.Debug|x64.Build.0 = Debug|x64
		{32653C43-34E8-4D1A-9E18-373FADBB17F8}.Release|x64.ActiveCfg = Release|x64
		{32653C43-34E8-4D1A-9E18-373FADBB17F8}.Release|x64.Build.0 = Release|x64
	EndGlobalSection
	GlobalSection(SolutionProperties) = preSolution
		HideSolutionNode = FALSE
	EndGlobalSection
	GlobalSection(ExtensibilityGlobals) = postSolution
		SolutionGuid = {D2330FE4-2C70-4B3E-80F3-3FE367B3625F}
	EndGlobalSection
EndGlobal
